
Microsoft Visual Studio Solution File, Format Version 12.00
# Visual Studio 15
VisualStudioVersion = 15.0.26124.0
MinimumVisualStudioVersion = 15.0.26124.0
Project("{FAE04EC0-301F-11D3-BF4B-00C04F79EFBC}") = "R5T.Bedford.Base.Construction", "R5T.Bedford.Base.Construction\R5T.Bedford.Base.Construction.csproj", "{E6809CF7-A7CD-41C5-95E6-F19A0C231CDB}"
EndProject
Project("{FAE04EC0-301F-11D3-BF4B-00C04F79EFBC}") = "R5T.Bedford.Base", "R5T.Bedford.Base\R5T.Bedford.Base.csproj", "{4442D6B4-434D-4472-AAC6-405C25D5A54F}"
EndProject
Global
	GlobalSection(SolutionConfigurationPlatforms) = preSolution
		Debug|Any CPU = Debug|Any CPU
		Debug|x64 = Debug|x64
		Debug|x86 = Debug|x86
		Release|Any CPU = Release|Any CPU
		Release|x64 = Release|x64
		Release|x86 = Release|x86
	EndGlobalSection
	GlobalSection(SolutionProperties) = preSolution
		HideSolutionNode = FALSE
	EndGlobalSection
	GlobalSection(ProjectConfigurationPlatforms) = postSolution
		{E6809CF7-A7CD-41C5-95E6-F19A0C231CDB}.Debug|Any CPU.ActiveCfg = Debug|Any CPU
		{E6809CF7-A7CD-41C5-95E6-F19A0C231CDB}.Debug|Any CPU.Build.0 = Debug|Any CPU
		{E6809CF7-A7CD-41C5-95E6-F19A0C231CDB}.Debug|x64.ActiveCfg = Debug|Any CPU
		{E6809CF7-A7CD-41C5-95E6-F19A0C231CDB}.Debug|x64.Build.0 = Debug|Any CPU
		{E6809CF7-A7CD-41C5-95E6-F19A0C231CDB}.Debug|x86.ActiveCfg = Debug|Any CPU
		{E6809CF7-A7CD-41C5-95E6-F19A0C231CDB}.Debug|x86.Build.0 = Debug|Any CPU
		{E6809CF7-A7CD-41C5-95E6-F19A0C231CDB}.Release|Any CPU.ActiveCfg = Release|Any CPU
		{E6809CF7-A7CD-41C5-95E6-F19A0C231CDB}.Release|Any CPU.Build.0 = Release|Any CPU
		{E6809CF7-A7CD-41C5-95E6-F19A0C231CDB}.Release|x64.ActiveCfg = Release|Any CPU
		{E6809CF7-A7CD-41C5-95E6-F19A0C231CDB}.Release|x64.Build.0 = Release|Any CPU
		{E6809CF7-A7CD-41C5-95E6-F19A0C231CDB}.Release|x86.ActiveCfg = Release|Any CPU
		{E6809CF7-A7CD-41C5-95E6-F19A0C231CDB}.Release|x86.Build.0 = Release|Any CPU
		{4442D6B4-434D-4472-AAC6-405C25D5A54F}.Debug|Any CPU.ActiveCfg = Debug|Any CPU
		{4442D6B4-434D-4472-AAC6-405C25D5A54F}.Debug|Any CPU.Build.0 = Debug|Any CPU
		{4442D6B4-434D-4472-AAC6-405C25D5A54F}.Debug|x64.ActiveCfg = Debug|Any CPU
		{4442D6B4-434D-4472-AAC6-405C25D5A54F}.Debug|x64.Build.0 = Debug|Any CPU
		{4442D6B4-434D-4472-AAC6-405C25D5A54F}.Debug|x86.ActiveCfg = Debug|Any CPU
		{4442D6B4-434D-4472-AAC6-405C25D5A54F}.Debug|x86.Build.0 = Debug|Any CPU
		{4442D6B4-434D-4472-AAC6-405C25D5A54F}.Release|Any CPU.ActiveCfg = Release|Any CPU
		{4442D6B4-434D-4472-AAC6-405C25D5A54F}.Release|Any CPU.Build.0 = Release|Any CPU
		{4442D6B4-434D-4472-AAC6-405C25D5A54F}.Release|x64.ActiveCfg = Release|Any CPU
		{4442D6B4-434D-4472-AAC6-405C25D5A54F}.Release|x64.Build.0 = Release|Any CPU
		{4442D6B4-434D-4472-AAC6-405C25D5A54F}.Release|x86.ActiveCfg = Release|Any CPU
		{4442D6B4-434D-4472-AAC6-405C25D5A54F}.Release|x86.Build.0 = Release|Any CPU
	EndGlobalSection
EndGlobal
